// !$*UTF8*$!
{
	archiveVersion = 1;
	classes = {
	};
	objectVersion = 56;
	objects = {

/* Begin PBXBuildFile section */
		8069ED312B1DC9AB0010FF99 /* AppDelegate.swift in Sources */ = {isa = PBXBuildFile; fileRef = 8069ED302B1DC9AB0010FF99 /* AppDelegate.swift */; };
		8069ED332B1DC9AB0010FF99 /* SceneDelegate.swift in Sources */ = {isa = PBXBuildFile; fileRef = 8069ED322B1DC9AB0010FF99 /* SceneDelegate.swift */; };
		8069ED352B1DC9AB0010FF99 /* ViewController.swift in Sources */ = {isa = PBXBuildFile; fileRef = 8069ED342B1DC9AB0010FF99 /* ViewController.swift */; };
		8069ED382B1DC9AB0010FF99 /* Main.storyboard in Resources */ = {isa = PBXBuildFile; fileRef = 8069ED362B1DC9AB0010FF99 /* Main.storyboard */; };
		8069ED3A2B1DC9AC0010FF99 /* Assets.xcassets in Resources */ = {isa = PBXBuildFile; fileRef = 8069ED392B1DC9AC0010FF99 /* Assets.xcassets */; };
		8069ED3D2B1DC9AC0010FF99 /* LaunchScreen.storyboard in Resources */ = {isa = PBXBuildFile; fileRef = 8069ED3B2B1DC9AC0010FF99 /* LaunchScreen.storyboard */; };
		8069ED482B1DC9AC0010FF99 /* iTunesAppTests.swift in Sources */ = {isa = PBXBuildFile; fileRef = 8069ED472B1DC9AC0010FF99 /* iTunesAppTests.swift */; };
		8069ED522B1DC9AC0010FF99 /* iTunesAppUITests.swift in Sources */ = {isa = PBXBuildFile; fileRef = 8069ED512B1DC9AC0010FF99 /* iTunesAppUITests.swift */; };
		8069ED542B1DC9AC0010FF99 /* iTunesAppUITestsLaunchTests.swift in Sources */ = {isa = PBXBuildFile; fileRef = 8069ED532B1DC9AC0010FF99 /* iTunesAppUITestsLaunchTests.swift */; };
/* End PBXBuildFile section */

/* Begin PBXContainerItemProxy section */
		8069ED442B1DC9AC0010FF99 /* PBXContainerItemProxy */ = {
			isa = PBXContainerItemProxy;
			containerPortal = 8069ED252B1DC9AB0010FF99 /* Project object */;
			proxyType = 1;
			remoteGlobalIDString = 8069ED2C2B1DC9AB0010FF99;
			remoteInfo = iTunesApp;
		};
		8069ED4E2B1DC9AC0010FF99 /* PBXContainerItemProxy */ = {
			isa = PBXContainerItemProxy;
			containerPortal = 8069ED252B1DC9AB0010FF99 /* Project object */;
			proxyType = 1;
			remoteGlobalIDString = 8069ED2C2B1DC9AB0010FF99;
			remoteInfo = iTunesApp;
		};
/* End PBXContainerItemProxy section */

/* Begin PBXFileReference section */
		8069ED2D2B1DC9AB0010FF99 /* iTunesApp.app */ = {isa = PBXFileReference; explicitFileType = wrapper.application; includeInIndex = 0; path = iTunesApp.app; sourceTree = BUILT_PRODUCTS_DIR; };
		8069ED302B1DC9AB0010FF99 /* AppDelegate.swift */ = {isa = PBXFileReference; lastKnownFileType = sourcecode.swift; path = AppDelegate.swift; sourceTree = "<group>"; };
		8069ED322B1DC9AB0010FF99 /* SceneDelegate.swift */ = {isa = PBXFileReference; lastKnownFileType = sourcecode.swift; path = SceneDelegate.swift; sourceTree = "<group>"; };
		8069ED342B1DC9AB0010FF99 /* ViewController.swift */ = {isa = PBXFileReference; lastKnownFileType = sourcecode.swift; path = ViewController.swift; sourceTree = "<group>"; };
		8069ED372B1DC9AB0010FF99 /* Base */ = {isa = PBXFileReference; lastKnownFileType = file.storyboard; name = Base; path = Base.lproj/Main.storyboard; sourceTree = "<group>"; };
		8069ED392B1DC9AC0010FF99 /* Assets.xcassets */ = {isa = PBXFileReference; lastKnownFileType = folder.assetcatalog; path = Assets.xcassets; sourceTree = "<group>"; };
		8069ED3C2B1DC9AC0010FF99 /* Base */ = {isa = PBXFileReference; lastKnownFileType = file.storyboard; name = Base; path = Base.lproj/LaunchScreen.storyboard; sourceTree = "<group>"; };
		8069ED3E2B1DC9AC0010FF99 /* Info.plist */ = {isa = PBXFileReference; lastKnownFileType = text.plist.xml; path = Info.plist; sourceTree = "<group>"; };
		8069ED432B1DC9AC0010FF99 /* iTunesAppTests.xctest */ = {isa = PBXFileReference; explicitFileType = wrapper.cfbundle; includeInIndex = 0; path = iTunesAppTests.xctest; sourceTree = BUILT_PRODUCTS_DIR; };
		8069ED472B1DC9AC0010FF99 /* iTunesAppTests.swift */ = {isa = PBXFileReference; lastKnownFileType = sourcecode.swift; path = iTunesAppTests.swift; sourceTree = "<group>"; };
		8069ED4D2B1DC9AC0010FF99 /* iTunesAppUITests.xctest */ = {isa = PBXFileReference; explicitFileType = wrapper.cfbundle; includeInIndex = 0; path = iTunesAppUITests.xctest; sourceTree = BUILT_PRODUCTS_DIR; };
		8069ED512B1DC9AC0010FF99 /* iTunesAppUITests.swift */ = {isa = PBXFileReference; lastKnownFileType = sourcecode.swift; path = iTunesAppUITests.swift; sourceTree = "<group>"; };
		8069ED532B1DC9AC0010FF99 /* iTunesAppUITestsLaunchTests.swift */ = {isa = PBXFileReference; lastKnownFileType = sourcecode.swift; path = iTunesAppUITestsLaunchTests.swift; sourceTree = "<group>"; };
/* End PBXFileReference section */

/* Begin PBXFrameworksBuildPhase section */
		8069ED2A2B1DC9AB0010FF99 /* Frameworks */ = {
			isa = PBXFrameworksBuildPhase;
			buildActionMask = 2147483647;
			files = (
			);
			runOnlyForDeploymentPostprocessing = 0;
		};
		8069ED402B1DC9AC0010FF99 /* Frameworks */ = {
			isa = PBXFrameworksBuildPhase;
			buildActionMask = 2147483647;
			files = (
			);
			runOnlyForDeploymentPostprocessing = 0;
		};
		8069ED4A2B1DC9AC0010FF99 /* Frameworks */ = {
			isa = PBXFrameworksBuildPhase;
			buildActionMask = 2147483647;
			files = (
			);
			runOnlyForDeploymentPostprocessing = 0;
		};
/* End PBXFrameworksBuildPhase section */

/* Begin PBXGroup section */
		8069ED242B1DC9AB0010FF99 = {
			isa = PBXGroup;
			children = (
				8069ED2F2B1DC9AB0010FF99 /* iTunesApp */,
				8069ED462B1DC9AC0010FF99 /* iTunesAppTests */,
				8069ED502B1DC9AC0010FF99 /* iTunesAppUITests */,
				8069ED2E2B1DC9AB0010FF99 /* Products */,
			);
			sourceTree = "<group>";
		};
		8069ED2E2B1DC9AB0010FF99 /* Products */ = {
			isa = PBXGroup;
			children = (
				8069ED2D2B1DC9AB0010FF99 /* iTunesApp.app */,
				8069ED432B1DC9AC0010FF99 /* iTunesAppTests.xctest */,
				8069ED4D2B1DC9AC0010FF99 /* iTunesAppUITests.xctest */,
			);
			name = Products;
			sourceTree = "<group>";
		};
		8069ED2F2B1DC9AB0010FF99 /* iTunesApp */ = {
			isa = PBXGroup;
			children = (
				8069ED302B1DC9AB0010FF99 /* AppDelegate.swift */,
				8069ED322B1DC9AB0010FF99 /* SceneDelegate.swift */,
				8069ED342B1DC9AB0010FF99 /* ViewController.swift */,
				8069ED362B1DC9AB0010FF99 /* Main.storyboard */,
				8069ED392B1DC9AC0010FF99 /* Assets.xcassets */,
				8069ED3B2B1DC9AC0010FF99 /* LaunchScreen.storyboard */,
				8069ED3E2B1DC9AC0010FF99 /* Info.plist */,
			);
			path = iTunesApp;
			sourceTree = "<group>";
		};
		8069ED462B1DC9AC0010FF99 /* iTunesAppTests */ = {
			isa = PBXGroup;
			children = (
				8069ED472B1DC9AC0010FF99 /* iTunesAppTests.swift */,
			);
			path = iTunesAppTests;
			sourceTree = "<group>";
		};
		8069ED502B1DC9AC0010FF99 /* iTunesAppUITests */ = {
			isa = PBXGroup;
			children = (
				8069ED512B1DC9AC0010FF99 /* iTunesAppUITests.swift */,
				8069ED532B1DC9AC0010FF99 /* iTunesAppUITestsLaunchTests.swift */,
			);
			path = iTunesAppUITests;
			sourceTree = "<group>";
		};
/* End PBXGroup section */

/* Begin PBXNativeTarget section */
		8069ED2C2B1DC9AB0010FF99 /* iTunesApp */ = {
			isa = PBXNativeTarget;
			buildConfigurationList = 8069ED572B1DC9AC0010FF99 /* Build configuration list for PBXNativeTarget "iTunesApp" */;
			buildPhases = (
				8069ED292B1DC9AB0010FF99 /* Sources */,
				8069ED2A2B1DC9AB0010FF99 /* Frameworks */,
				8069ED2B2B1DC9AB0010FF99 /* Resources */,
			);
			buildRules = (
			);
			dependencies = (
			);
			name = iTunesApp;
			productName = iTunesApp;
			productReference = 8069ED2D2B1DC9AB0010FF99 /* iTunesApp.app */;
			productType = "com.apple.product-type.application";
		};
		8069ED422B1DC9AC0010FF99 /* iTunesAppTests */ = {
			isa = PBXNativeTarget;
			buildConfigurationList = 8069ED5A2B1DC9AC0010FF99 /* Build configuration list for PBXNativeTarget "iTunesAppTests" */;
			buildPhases = (
				8069ED3F2B1DC9AC0010FF99 /* Sources */,
				8069ED402B1DC9AC0010FF99 /* Frameworks */,
				8069ED412B1DC9AC0010FF99 /* Resources */,
			);
			buildRules = (
			);
			dependencies = (
				8069ED452B1DC9AC0010FF99 /* PBXTargetDependency */,
			);
			name = iTunesAppTests;
			productName = iTunesAppTests;
			productReference = 8069ED432B1DC9AC0010FF99 /* iTunesAppTests.xctest */;
			productType = "com.apple.product-type.bundle.unit-test";
		};
		8069ED4C2B1DC9AC0010FF99 /* iTunesAppUITests */ = {
			isa = PBXNativeTarget;
			buildConfigurationList = 8069ED5D2B1DC9AC0010FF99 /* Build configuration list for PBXNativeTarget "iTunesAppUITests" */;
			buildPhases = (
				8069ED492B1DC9AC0010FF99 /* Sources */,
				8069ED4A2B1DC9AC0010FF99 /* Frameworks */,
				8069ED4B2B1DC9AC0010FF99 /* Resources */,
			);
			buildRules = (
			);
			dependencies = (
				8069ED4F2B1DC9AC0010FF99 /* PBXTargetDependency */,
			);
			name = iTunesAppUITests;
			productName = iTunesAppUITests;
			productReference = 8069ED4D2B1DC9AC0010FF99 /* iTunesAppUITests.xctest */;
			productType = "com.apple.product-type.bundle.ui-testing";
		};
/* End PBXNativeTarget section */

/* Begin PBXProject section */
		8069ED252B1DC9AB0010FF99 /* Project object */ = {
			isa = PBXProject;
			attributes = {
				BuildIndependentTargetsInParallel = 1;
				LastSwiftUpdateCheck = 1500;
				LastUpgradeCheck = 1500;
				TargetAttributes = {
					8069ED2C2B1DC9AB0010FF99 = {
						CreatedOnToolsVersion = 15.0.1;
					};
					8069ED422B1DC9AC0010FF99 = {
						CreatedOnToolsVersion = 15.0.1;
						TestTargetID = 8069ED2C2B1DC9AB0010FF99;
					};
					8069ED4C2B1DC9AC0010FF99 = {
						CreatedOnToolsVersion = 15.0.1;
						TestTargetID = 8069ED2C2B1DC9AB0010FF99;
					};
				};
			};
			buildConfigurationList = 8069ED282B1DC9AB0010FF99 /* Build configuration list for PBXProject "iTunesApp" */;
			compatibilityVersion = "Xcode 14.0";
			developmentRegion = en;
			hasScannedForEncodings = 0;
			knownRegions = (
				en,
				Base,
			);
			mainGroup = 8069ED242B1DC9AB0010FF99;
			productRefGroup = 8069ED2E2B1DC9AB0010FF99 /* Products */;
			projectDirPath = "";
			projectRoot = "";
			targets = (
				8069ED2C2B1DC9AB0010FF99 /* iTunesApp */,
				8069ED422B1DC9AC0010FF99 /* iTunesAppTests */,
				8069ED4C2B1DC9AC0010FF99 /* iTunesAppUITests */,
			);
		};
/* End PBXProject section */

/* Begin PBXResourcesBuildPhase section */
		8069ED2B2B1DC9AB0010FF99 /* Resources */ = {
			isa = PBXResourcesBuildPhase;
			buildActionMask = 2147483647;
			files = (
				8069ED3D2B1DC9AC0010FF99 /* LaunchScreen.storyboard in Resources */,
				8069ED3A2B1DC9AC0010FF99 /* Assets.xcassets in Resources */,
				8069ED382B1DC9AB0010FF99 /* Main.storyboard in Resources */,
			);
			runOnlyForDeploymentPostprocessing = 0;
		};
		8069ED412B1DC9AC0010FF99 /* Resources */ = {
			isa = PBXResourcesBuildPhase;
			buildActionMask = 2147483647;
			files = (
			);
			runOnlyForDeploymentPostprocessing = 0;
		};
		8069ED4B2B1DC9AC0010FF99 /* Resources */ = {
			isa = PBXResourcesBuildPhase;
			buildActionMask = 2147483647;
			files = (
			);
			runOnlyForDeploymentPostprocessing = 0;
		};
/* End PBXResourcesBuildPhase section */

/* Begin PBXSourcesBuildPhase section */
		8069ED292B1DC9AB0010FF99 /* Sources */ = {
			isa = PBXSourcesBuildPhase;
			buildActionMask = 2147483647;
			files = (
				8069ED352B1DC9AB0010FF99 /* ViewController.swift in Sources */,
				8069ED312B1DC9AB0010FF99 /* AppDelegate.swift in Sources */,
				8069ED332B1DC9AB0010FF99 /* SceneDelegate.swift in Sources */,
			);
			runOnlyForDeploymentPostprocessing = 0;
		};
		8069ED3F2B1DC9AC0010FF99 /* Sources */ = {
			isa = PBXSourcesBuildPhase;
			buildActionMask = 2147483647;
			files = (
				8069ED482B1DC9AC0010FF99 /* iTunesAppTests.swift in Sources */,
			);
			runOnlyForDeploymentPostprocessing = 0;
		};
		8069ED492B1DC9AC0010FF99 /* Sources */ = {
			isa = PBXSourcesBuildPhase;
			buildActionMask = 2147483647;
			files = (
				8069ED542B1DC9AC0010FF99 /* iTunesAppUITestsLaunchTests.swift in Sources */,
				8069ED522B1DC9AC0010FF99 /* iTunesAppUITests.swift in Sources */,
			);
			runOnlyForDeploymentPostprocessing = 0;
		};
/* End PBXSourcesBuildPhase section */

/* Begin PBXTargetDependency section */
		8069ED452B1DC9AC0010FF99 /* PBXTargetDependency */ = {
			isa = PBXTargetDependency;
			target = 8069ED2C2B1DC9AB0010FF99 /* iTunesApp */;
			targetProxy = 8069ED442B1DC9AC0010FF99 /* PBXContainerItemProxy */;
		};
		8069ED4F2B1DC9AC0010FF99 /* PBXTargetDependency */ = {
			isa = PBXTargetDependency;
			target = 8069ED2C2B1DC9AB0010FF99 /* iTunesApp */;
			targetProxy = 8069ED4E2B1DC9AC0010FF99 /* PBXContainerItemProxy */;
		};
/* End PBXTargetDependency section */

/* Begin PBXVariantGroup section */
		8069ED362B1DC9AB0010FF99 /* Main.storyboard */ = {
			isa = PBXVariantGroup;
			children = (
				8069ED372B1DC9AB0010FF99 /* Base */,
			);
			name = Main.storyboard;
			sourceTree = "<group>";
		};
		8069ED3B2B1DC9AC0010FF99 /* LaunchScreen.storyboard */ = {
			isa = PBXVariantGroup;
			children = (
				8069ED3C2B1DC9AC0010FF99 /* Base */,
			);
			name = LaunchScreen.storyboard;
			sourceTree = "<group>";
		};
/* End PBXVariantGroup section */

/* Begin XCBuildConfiguration section */
		8069ED552B1DC9AC0010FF99 /* Debug */ = {
			isa = XCBuildConfiguration;
			buildSettings = {
				ALWAYS_SEARCH_USER_PATHS = NO;
				ASSETCATALOG_COMPILER_GENERATE_SWIFT_ASSET_SYMBOL_EXTENSIONS = YES;
				CLANG_ANALYZER_NONNULL = YES;
				CLANG_ANALYZER_NUMBER_OBJECT_CONVERSION = YES_AGGRESSIVE;
				CLANG_CXX_LANGUAGE_STANDARD = "gnu++20";
				CLANG_ENABLE_MODULES = YES;
				CLANG_ENABLE_OBJC_ARC = YES;
				CLANG_ENABLE_OBJC_WEAK = YES;
				CLANG_WARN_BLOCK_CAPTURE_AUTORELEASING = YES;
				CLANG_WARN_BOOL_CONVERSION = YES;
				CLANG_WARN_COMMA = YES;
				CLANG_WARN_CONSTANT_CONVERSION = YES;
				CLANG_WARN_DEPRECATED_OBJC_IMPLEMENTATIONS = YES;
				CLANG_WARN_DIRECT_OBJC_ISA_USAGE = YES_ERROR;
				CLANG_WARN_DOCUMENTATION_COMMENTS = YES;
				CLANG_WARN_EMPTY_BODY = YES;
				CLANG_WARN_ENUM_CONVERSION = YES;
				CLANG_WARN_INFINITE_RECURSION = YES;
				CLANG_WARN_INT_CONVERSION = YES;
				CLANG_WARN_NON_LITERAL_NULL_CONVERSION = YES;
				CLANG_WARN_OBJC_IMPLICIT_RETAIN_SELF = YES;
				CLANG_WARN_OBJC_LITERAL_CONVERSION = YES;
				CLANG_WARN_OBJC_ROOT_CLASS = YES_ERROR;
				CLANG_WARN_QUOTED_INCLUDE_IN_FRAMEWORK_HEADER = YES;
				CLANG_WARN_RANGE_LOOP_ANALYSIS = YES;
				CLANG_WARN_STRICT_PROTOTYPES = YES;
				CLANG_WARN_SUSPICIOUS_MOVE = YES;
				CLANG_WARN_UNGUARDED_AVAILABILITY = YES_AGGRESSIVE;
				CLANG_WARN_UNREACHABLE_CODE = YES;
				CLANG_WARN__DUPLICATE_METHOD_MATCH = YES;
				COPY_PHASE_STRIP = NO;
				DEBUG_INFORMATION_FORMAT = dwarf;
				ENABLE_STRICT_OBJC_MSGSEND = YES;
				ENABLE_TESTABILITY = YES;
				ENABLE_USER_SCRIPT_SANDBOXING = YES;
				GCC_C_LANGUAGE_STANDARD = gnu17;
				GCC_DYNAMIC_NO_PIC = NO;
				GCC_NO_COMMON_BLOCKS = YES;
				GCC_OPTIMIZATION_LEVEL = 0;
				GCC_PREPROCESSOR_DEFINITIONS = (
					"DEBUG=1",
					"$(inherited)",
				);
				GCC_WARN_64_TO_32_BIT_CONVERSION = YES;
				GCC_WARN_ABOUT_RETURN_TYPE = YES_ERROR;
				GCC_WARN_UNDECLARED_SELECTOR = YES;
				GCC_WARN_UNINITIALIZED_AUTOS = YES_AGGRESSIVE;
				GCC_WARN_UNUSED_FUNCTION = YES;
				GCC_WARN_UNUSED_VARIABLE = YES;
				IPHONEOS_DEPLOYMENT_TARGET = 17.0;
				LOCALIZATION_PREFERS_STRING_CATALOGS = YES;
				MTL_ENABLE_DEBUG_INFO = INCLUDE_SOURCE;
				MTL_FAST_MATH = YES;
				ONLY_ACTIVE_ARCH = YES;
				SDKROOT = iphoneos;
				SWIFT_ACTIVE_COMPILATION_CONDITIONS = "DEBUG $(inherited)";
				SWIFT_OPTIMIZATION_LEVEL = "-Onone";
			};
			name = Debug;
		};
		8069ED562B1DC9AC0010FF99 /* Release */ = {
			isa = XCBuildConfiguration;
			buildSettings = {
				ALWAYS_SEARCH_USER_PATHS = NO;
				ASSETCATALOG_COMPILER_GENERATE_SWIFT_ASSET_SYMBOL_EXTENSIONS = YES;
				CLANG_ANALYZER_NONNULL = YES;
				CLANG_ANALYZER_NUMBER_OBJECT_CONVERSION = YES_AGGRESSIVE;
				CLANG_CXX_LANGUAGE_STANDARD = "gnu++20";
				CLANG_ENABLE_MODULES = YES;
				CLANG_ENABLE_OBJC_ARC = YES;
				CLANG_ENABLE_OBJC_WEAK = YES;
				CLANG_WARN_BLOCK_CAPTURE_AUTORELEASING = YES;
				CLANG_WARN_BOOL_CONVERSION = YES;
				CLANG_WARN_COMMA = YES;
				CLANG_WARN_CONSTANT_CONVERSION = YES;
				CLANG_WARN_DEPRECATED_OBJC_IMPLEMENTATIONS = YES;
				CLANG_WARN_DIRECT_OBJC_ISA_USAGE = YES_ERROR;
				CLANG_WARN_DOCUMENTATION_COMMENTS = YES;
				CLANG_WARN_EMPTY_BODY = YES;
				CLANG_WARN_ENUM_CONVERSION = YES;
				CLANG_WARN_INFINITE_RECURSION = YES;
				CLANG_WARN_INT_CONVERSION = YES;
				CLANG_WARN_NON_LITERAL_NULL_CONVERSION = YES;
				CLANG_WARN_OBJC_IMPLICIT_RETAIN_SELF = YES;
				CLANG_WARN_OBJC_LITERAL_CONVERSION = YES;
				CLANG_WARN_OBJC_ROOT_CLASS = YES_ERROR;
				CLANG_WARN_QUOTED_INCLUDE_IN_FRAMEWORK_HEADER = YES;
				CLANG_WARN_RANGE_LOOP_ANALYSIS = YES;
				CLANG_WARN_STRICT_PROTOTYPES = YES;
				CLANG_WARN_SUSPICIOUS_MOVE = YES;
				CLANG_WARN_UNGUARDED_AVAILABILITY = YES_AGGRESSIVE;
				CLANG_WARN_UNREACHABLE_CODE = YES;
				CLANG_WARN__DUPLICATE_METHOD_MATCH = YES;
				COPY_PHASE_STRIP = NO;
				DEBUG_INFORMATION_FORMAT = "dwarf-with-dsym";
				ENABLE_NS_ASSERTIONS = NO;
				ENABLE_STRICT_OBJC_MSGSEND = YES;
				ENABLE_USER_SCRIPT_SANDBOXING = YES;
				GCC_C_LANGUAGE_STANDARD = gnu17;
				GCC_NO_COMMON_BLOCKS = YES;
				GCC_WARN_64_TO_32_BIT_CONVERSION = YES;
				GCC_WARN_ABOUT_RETURN_TYPE = YES_ERROR;
				GCC_WARN_UNDECLARED_SELECTOR = YES;
				GCC_WARN_UNINITIALIZED_AUTOS = YES_AGGRESSIVE;
				GCC_WARN_UNUSED_FUNCTION = YES;
				GCC_WARN_UNUSED_VARIABLE = YES;
				IPHONEOS_DEPLOYMENT_TARGET = 17.0;
				LOCALIZATION_PREFERS_STRING_CATALOGS = YES;
				MTL_ENABLE_DEBUG_INFO = NO;
				MTL_FAST_MATH = YES;
				SDKROOT = iphoneos;
				SWIFT_COMPILATION_MODE = wholemodule;
				VALIDATE_PRODUCT = YES;
			};
			name = Release;
		};
		8069ED582B1DC9AC0010FF99 /* Debug */ = {
			isa = XCBuildConfiguration;
			buildSettings = {
				ASSETCATALOG_COMPILER_APPICON_NAME = AppIcon;
				ASSETCATALOG_COMPILER_GLOBAL_ACCENT_COLOR_NAME = AccentColor;
				CODE_SIGN_STYLE = Automatic;
				CURRENT_PROJECT_VERSION = 1;
				GENERATE_INFOPLIST_FILE = YES;
				INFOPLIST_FILE = iTunesApp/Info.plist;
				INFOPLIST_KEY_UIApplicationSupportsIndirectInputEvents = YES;
				INFOPLIST_KEY_UILaunchStoryboardName = LaunchScreen;
				INFOPLIST_KEY_UIMainStoryboardFile = Main;
				INFOPLIST_KEY_UISupportedInterfaceOrientations_iPad = "UIInterfaceOrientationPortrait UIInterfaceOrientationPortraitUpsideDown UIInterfaceOrientationLandscapeLeft UIInterfaceOrientationLandscapeRight";
				INFOPLIST_KEY_UISupportedInterfaceOrientations_iPhone = "UIInterfaceOrientationPortrait UIInterfaceOrientationLandscapeLeft UIInterfaceOrientationLandscapeRight";
				LD_RUNPATH_SEARCH_PATHS = (
					"$(inherited)",
					"@executable_path/Frameworks",
				);
				MARKETING_VERSION = 1.0;
				PRODUCT_BUNDLE_IDENTIFIER = com.teknasyon.iTunesApp;
				PRODUCT_NAME = "$(TARGET_NAME)";
				SWIFT_EMIT_LOC_STRINGS = YES;
				SWIFT_VERSION = 5.0;
				TARGETED_DEVICE_FAMILY = "1,2";
			};
			name = Debug;
		};
		8069ED592B1DC9AC0010FF99 /* Release */ = {
			isa = XCBuildConfiguration;
			buildSettings = {
				ASSETCATALOG_COMPILER_APPICON_NAME = AppIcon;
				ASSETCATALOG_COMPILER_GLOBAL_ACCENT_COLOR_NAME = AccentColor;
				CODE_SIGN_STYLE = Automatic;
				CURRENT_PROJECT_VERSION = 1;
				GENERATE_INFOPLIST_FILE = YES;
				INFOPLIST_FILE = iTunesApp/Info.plist;
				INFOPLIST_KEY_UIApplicationSupportsIndirectInputEvents = YES;
				INFOPLIST_KEY_UILaunchStoryboardName = LaunchScreen;
				INFOPLIST_KEY_UIMainStoryboardFile = Main;
				INFOPLIST_KEY_UISupportedInterfaceOrientations_iPad = "UIInterfaceOrientationPortrait UIInterfaceOrientationPortraitUpsideDown UIInterfaceOrientationLandscapeLeft UIInterfaceOrientationLandscapeRight";
				INFOPLIST_KEY_UISupportedInterfaceOrientations_iPhone = "UIInterfaceOrientationPortrait UIInterfaceOrientationLandscapeLeft UIInterfaceOrientationLandscapeRight";
				LD_RUNPATH_SEARCH_PATHS = (
					"$(inherited)",
					"@executable_path/Frameworks",
				);
				MARKETING_VERSION = 1.0;
				PRODUCT_BUNDLE_IDENTIFIER = com.teknasyon.iTunesApp;
				PRODUCT_NAME = "$(TARGET_NAME)";
				SWIFT_EMIT_LOC_STRINGS = YES;
				SWIFT_VERSION = 5.0;
				TARGETED_DEVICE_FAMILY = "1,2";
			};
			name = Release;
		};
		8069ED5B2B1DC9AC0010FF99 /* Debug */ = {
			isa = XCBuildConfiguration;
			buildSettings = {
				ALWAYS_EMBED_SWIFT_STANDARD_LIBRARIES = YES;
				BUNDLE_LOADER = "$(TEST_HOST)";
				CODE_SIGN_STYLE = Automatic;
				CURRENT_PROJECT_VERSION = 1;
				GENERATE_INFOPLIST_FILE = YES;
				IPHONEOS_DEPLOYMENT_TARGET = 17.0;
				MARKETING_VERSION = 1.0;
				PRODUCT_BUNDLE_IDENTIFIER = com.teknasyon.iTunesAppTests;
				PRODUCT_NAME = "$(TARGET_NAME)";
				SWIFT_EMIT_LOC_STRINGS = NO;
				SWIFT_VERSION = 5.0;
				TARGETED_DEVICE_FAMILY = "1,2";
				TEST_HOST = "$(BUILT_PRODUCTS_DIR)/iTunesApp.app/$(BUNDLE_EXECUTABLE_FOLDER_PATH)/iTunesApp";
			};
			name = Debug;
		};
		8069ED5C2B1DC9AC0010FF99 /* Release */ = {
			isa = XCBuildConfiguration;
			buildSettings = {
				ALWAYS_EMBED_SWIFT_STANDARD_LIBRARIES = YES;
				BUNDLE_LOADER = "$(TEST_HOST)";
				CODE_SIGN_STYLE = Automatic;
				CURRENT_PROJECT_VERSION = 1;
				GENERATE_INFOPLIST_FILE = YES;
				IPHONEOS_DEPLOYMENT_TARGET = 17.0;
				MARKETING_VERSION = 1.0;
				PRODUCT_BUNDLE_IDENTIFIER = com.teknasyon.iTunesAppTests;
				PRODUCT_NAME = "$(TARGET_NAME)";
				SWIFT_EMIT_LOC_STRINGS = NO;
				SWIFT_VERSION = 5.0;
				TARGETED_DEVICE_FAMILY = "1,2";
				TEST_HOST = "$(BUILT_PRODUCTS_DIR)/iTunesApp.app/$(BUNDLE_EXECUTABLE_FOLDER_PATH)/iTunesApp";
			};
			name = Release;
		};
		8069ED5E2B1DC9AC0010FF99 /* Debug */ = {
			isa = XCBuildConfiguration;
			buildSettings = {
				ALWAYS_EMBED_SWIFT_STANDARD_LIBRARIES = YES;
				CODE_SIGN_STYLE = Automatic;
				CURRENT_PROJECT_VERSION = 1;
				GENERATE_INFOPLIST_FILE = YES;
				MARKETING_VERSION = 1.0;
				PRODUCT_BUNDLE_IDENTIFIER = com.teknasyon.iTunesAppUITests;
				PRODUCT_NAME = "$(TARGET_NAME)";
				SWIFT_EMIT_LOC_STRINGS = NO;
				SWIFT_VERSION = 5.0;
				TARGETED_DEVICE_FAMILY = "1,2";
				TEST_TARGET_NAME = iTunesApp;
			};
			name = Debug;
		};
		8069ED5F2B1DC9AC0010FF99 /* Release */ = {
			isa = XCBuildConfiguration;
			buildSettings = {
				ALWAYS_EMBED_SWIFT_STANDARD_LIBRARIES = YES;
				CODE_SIGN_STYLE = Automatic;
				CURRENT_PROJECT_VERSION = 1;
				GENERATE_INFOPLIST_FILE = YES;
				MARKETING_VERSION = 1.0;
				PRODUCT_BUNDLE_IDENTIFIER = com.teknasyon.iTunesAppUITests;
				PRODUCT_NAME = "$(TARGET_NAME)";
				SWIFT_EMIT_LOC_STRINGS = NO;
				SWIFT_VERSION = 5.0;
				TARGETED_DEVICE_FAMILY = "1,2";
				TEST_TARGET_NAME = iTunesApp;
			};
			name = Release;
		};
/* End XCBuildConfiguration section */

/* Begin XCConfigurationList section */
		8069ED282B1DC9AB0010FF99 /* Build configuration list for PBXProject "iTunesApp" */ = {
			isa = XCConfigurationList;
			buildConfigurations = (
				8069ED552B1DC9AC0010FF99 /* Debug */,
				8069ED562B1DC9AC0010FF99 /* Release */,
			);
			defaultConfigurationIsVisible = 0;
			defaultConfigurationName = Release;
		};
		8069ED572B1DC9AC0010FF99 /* Build configuration list for PBXNativeTarget "iTunesApp" */ = {
			isa = XCConfigurationList;
			buildConfigurations = (
				8069ED582B1DC9AC0010FF99 /* Debug */,
				8069ED592B1DC9AC0010FF99 /* Release */,
			);
			defaultConfigurationIsVisible = 0;
			defaultConfigurationName = Release;
		};
		8069ED5A2B1DC9AC0010FF99 /* Build configuration list for PBXNativeTarget "iTunesAppTests" */ = {
			isa = XCConfigurationList;
			buildConfigurations = (
				8069ED5B2B1DC9AC0010FF99 /* Debug */,
				8069ED5C2B1DC9AC0010FF99 /* Release */,
			);
			defaultConfigurationIsVisible = 0;
			defaultConfigurationName = Release;
		};
		8069ED5D2B1DC9AC0010FF99 /* Build configuration list for PBXNativeTarget "iTunesAppUITests" */ = {
			isa = XCConfigurationList;
			buildConfigurations = (
				8069ED5E2B1DC9AC0010FF99 /* Debug */,
				8069ED5F2B1DC9AC0010FF99 /* Release */,
			);
			defaultConfigurationIsVisible = 0;
			defaultConfigurationName = Release;
		};
/* End XCConfigurationList section */
	};
	rootObject = 8069ED252B1DC9AB0010FF99 /* Project object */;
}
